PODS:
  - ZhangHongBaseModule (0.1.0)
  - ZhangHongHomeModule (0.1.2):
    - ZhangHongBaseModule

DEPENDENCIES:
  - ZhangHongBaseModule
  - ZhangHongHomeModule (from `../`)

SPEC REPOS:
  https://github.com/CocoaPods/Specs.git:
    - ZhangHongBaseModule

EXTERNAL SOURCES:
  ZhangHongHomeModule:
    :path: "../"

SPEC CHECKSUMS:
  ZhangHongBaseModule: 7afb204c0357d0203359a6697ea08ee5aa9525d1
  ZhangHongHomeModule: 8cac5891fee6b92f5307cd81a7bd30270c40e18d

PODFILE CHECKSUM: 232b8f2b15727553c637ee22880cf0438d8d530a

COCOAPODS: 1.9.3
